// !$*UTF8*$!
{
	archiveVersion = 1;
	classes = {
	};
	objectVersion = 46;
	objects = {

/* Begin PBXBuildFile section */
		22AA07F47A61B6F325256E7C /* Pods_Gifer.framework in Frameworks */ = {isa = PBXBuildFile; fileRef = 953141CE848BFC1D6B0F6CB9 /* Pods_Gifer.framework */; };
		8356BB301F861587007A3315 /* CustomLayoutAttributes.swift in Sources */ = {isa = PBXBuildFile; fileRef = 8356BB2F1F861587007A3315 /* CustomLayoutAttributes.swift */; };
		837970F61F8D064F003A7948 /* FeedMapper.swift in Sources */ = {isa = PBXBuildFile; fileRef = 837970F51F8D064F003A7948 /* FeedMapper.swift */; };
		837970F81F8E54E4003A7948 /* GifModel.swift in Sources */ = {isa = PBXBuildFile; fileRef = 837970F71F8E54E4003A7948 /* GifModel.swift */; };
		844B97D61F7A8EC0005DA644 /* AppDelegate.swift in Sources */ = {isa = PBXBuildFile; fileRef = 844B97D51F7A8EC0005DA644 /* AppDelegate.swift */; };
		844B97DB1F7A8EC0005DA644 /* Main.storyboard in Resources */ = {isa = PBXBuildFile; fileRef = 844B97D91F7A8EC0005DA644 /* Main.storyboard */; };
		844B97DD1F7A8EC0005DA644 /* Assets.xcassets in Resources */ = {isa = PBXBuildFile; fileRef = 844B97DC1F7A8EC0005DA644 /* Assets.xcassets */; };
		844B97E01F7A8EC0005DA644 /* LaunchScreen.storyboard in Resources */ = {isa = PBXBuildFile; fileRef = 844B97DE1F7A8EC0005DA644 /* LaunchScreen.storyboard */; };
		844B97F21F7B01D0005DA644 /* AlamofireManager.swift in Sources */ = {isa = PBXBuildFile; fileRef = 844B97F11F7B01D0005DA644 /* AlamofireManager.swift */; };
		844B97F41F7B06F3005DA644 /* Constants.swift in Sources */ = {isa = PBXBuildFile; fileRef = 844B97F31F7B06F3005DA644 /* Constants.swift */; };
		844B97F81F7C241F005DA644 /* Utils.swift in Sources */ = {isa = PBXBuildFile; fileRef = 844B97F71F7C241F005DA644 /* Utils.swift */; };
		844B97FD1F7C49B8005DA644 /* CustomCollectionViewCell.swift in Sources */ = {isa = PBXBuildFile; fileRef = 844B97FC1F7C49B8005DA644 /* CustomCollectionViewCell.swift */; };
		844B97FF1F7C5409005DA644 /* CustomCollectionViewLayout.swift in Sources */ = {isa = PBXBuildFile; fileRef = 844B97FE1F7C5409005DA644 /* CustomCollectionViewLayout.swift */; };
		844B98011F7C6063005DA644 /* FeedController.swift in Sources */ = {isa = PBXBuildFile; fileRef = 844B98001F7C6063005DA644 /* FeedController.swift */; };
/* End PBXBuildFile section */

/* Begin PBXFileReference section */
		8356BB2F1F861587007A3315 /* CustomLayoutAttributes.swift */ = {isa = PBXFileReference; lastKnownFileType = sourcecode.swift; path = CustomLayoutAttributes.swift; sourceTree = "<group>"; };
		837970F51F8D064F003A7948 /* FeedMapper.swift */ = {isa = PBXFileReference; lastKnownFileType = sourcecode.swift; path = FeedMapper.swift; sourceTree = "<group>"; };
		837970F71F8E54E4003A7948 /* GifModel.swift */ = {isa = PBXFileReference; lastKnownFileType = sourcecode.swift; path = GifModel.swift; sourceTree = "<group>"; };
		844B97D21F7A8EC0005DA644 /* Gifer.app */ = {isa = PBXFileReference; explicitFileType = wrapper.application; includeInIndex = 0; path = Gifer.app; sourceTree = BUILT_PRODUCTS_DIR; };
		844B97D51F7A8EC0005DA644 /* AppDelegate.swift */ = {isa = PBXFileReference; lastKnownFileType = sourcecode.swift; path = AppDelegate.swift; sourceTree = "<group>"; };
		844B97DA1F7A8EC0005DA644 /* Base */ = {isa = PBXFileReference; lastKnownFileType = file.storyboard; name = Base; path = Base.lproj/Main.storyboard; sourceTree = "<group>"; };
		844B97DC1F7A8EC0005DA644 /* Assets.xcassets */ = {isa = PBXFileReference; lastKnownFileType = folder.assetcatalog; path = Assets.xcassets; sourceTree = "<group>"; };
		844B97DF1F7A8EC0005DA644 /* Base */ = {isa = PBXFileReference; lastKnownFileType = file.storyboard; name = Base; path = Base.lproj/LaunchScreen.storyboard; sourceTree = "<group>"; };
		844B97E11F7A8EC0005DA644 /* Info.plist */ = {isa = PBXFileReference; lastKnownFileType = text.plist.xml; path = Info.plist; sourceTree = "<group>"; };
		844B97F11F7B01D0005DA644 /* AlamofireManager.swift */ = {isa = PBXFileReference; fileEncoding = 4; lastKnownFileType = sourcecode.swift; path = AlamofireManager.swift; sourceTree = "<group>"; };
		844B97F31F7B06F3005DA644 /* Constants.swift */ = {isa = PBXFileReference; fileEncoding = 4; lastKnownFileType = sourcecode.swift; path = Constants.swift; sourceTree = "<group>"; };
		844B97F71F7C241F005DA644 /* Utils.swift */ = {isa = PBXFileReference; fileEncoding = 4; lastKnownFileType = sourcecode.swift; path = Utils.swift; sourceTree = "<group>"; };
		844B97FC1F7C49B8005DA644 /* CustomCollectionViewCell.swift */ = {isa = PBXFileReference; fileEncoding = 4; lastKnownFileType = sourcecode.swift; path = CustomCollectionViewCell.swift; sourceTree = "<group>"; };
		844B97FE1F7C5409005DA644 /* CustomCollectionViewLayout.swift */ = {isa = PBXFileReference; fileEncoding = 4; lastKnownFileType = sourcecode.swift; path = CustomCollectionViewLayout.swift; sourceTree = "<group>"; };
		844B98001F7C6063005DA644 /* FeedController.swift */ = {isa = PBXFileReference; fileEncoding = 4; lastKnownFileType = sourcecode.swift; path = FeedController.swift; sourceTree = "<group>"; };
		953141CE848BFC1D6B0F6CB9 /* Pods_Gifer.framework */ = {isa = PBXFileReference; explicitFileType = wrapper.framework; includeInIndex = 0; path = Pods_Gifer.framework; sourceTree = BUILT_PRODUCTS_DIR; };
		AC90FB22BEBC7ECD2073BAC5 /* Pods-Gifer.debug.xcconfig */ = {isa = PBXFileReference; includeInIndex = 1; lastKnownFileType = text.xcconfig; name = "Pods-Gifer.debug.xcconfig"; path = "Pods/Target Support Files/Pods-Gifer/Pods-Gifer.debug.xcconfig"; sourceTree = "<group>"; };
		F3D38375BEA1332E02AF3F93 /* Pods-Gifer.release.xcconfig */ = {isa = PBXFileReference; includeInIndex = 1; lastKnownFileType = text.xcconfig; name = "Pods-Gifer.release.xcconfig"; path = "Pods/Target Support Files/Pods-Gifer/Pods-Gifer.release.xcconfig"; sourceTree = "<group>"; };
/* End PBXFileReference section */

/* Begin PBXFrameworksBuildPhase section */
		844B97CF1F7A8EC0005DA644 /* Frameworks */ = {
			isa = PBXFrameworksBuildPhase;
			buildActionMask = 2147483647;
			files = (
				22AA07F47A61B6F325256E7C /* Pods_Gifer.framework in Frameworks */,
			);
			runOnlyForDeploymentPostprocessing = 0;
		};
/* End PBXFrameworksBuildPhase section */

/* Begin PBXGroup section */
		555E011C4FC32824699E4D33 /* Pods */ = {
			isa = PBXGroup;
			children = (
				AC90FB22BEBC7ECD2073BAC5 /* Pods-Gifer.debug.xcconfig */,
				F3D38375BEA1332E02AF3F93 /* Pods-Gifer.release.xcconfig */,
			);
			name = Pods;
			sourceTree = "<group>";
		};
		844B97C91F7A8EC0005DA644 = {
			isa = PBXGroup;
			children = (
				844B97D41F7A8EC0005DA644 /* Gifer */,
				844B97D31F7A8EC0005DA644 /* Products */,
				555E011C4FC32824699E4D33 /* Pods */,
				8B411B57FE74792C153D0AE8 /* Frameworks */,
			);
			sourceTree = "<group>";
		};
		844B97D31F7A8EC0005DA644 /* Products */ = {
			isa = PBXGroup;
			children = (
				844B97D21F7A8EC0005DA644 /* Gifer.app */,
			);
			name = Products;
			sourceTree = "<group>";
		};
		844B97D41F7A8EC0005DA644 /* Gifer */ = {
			isa = PBXGroup;
			children = (
				844B97FB1F7C4990005DA644 /* Views */,
				844B97F61F7C2287005DA644 /* Resources */,
				844B97F51F7C2115005DA644 /* Core */,
				844B97E71F7A966C005DA644 /* ViewControllers */,
				844B97EE1F7ADBEF005DA644 /* Model */,
			);
			path = Gifer;
			sourceTree = "<group>";
		};
		844B97E71F7A966C005DA644 /* ViewControllers */ = {
			isa = PBXGroup;
			children = (
				844B98001F7C6063005DA644 /* FeedController.swift */,
			);
			name = ViewControllers;
			sourceTree = "<group>";
		};
		844B97EE1F7ADBEF005DA644 /* Model */ = {
			isa = PBXGroup;
			children = (
				837970F71F8E54E4003A7948 /* GifModel.swift */,
				844B97F11F7B01D0005DA644 /* AlamofireManager.swift */,
				837970F51F8D064F003A7948 /* FeedMapper.swift */,
			);
			name = Model;
			sourceTree = "<group>";
		};
		844B97F51F7C2115005DA644 /* Core */ = {
			isa = PBXGroup;
			children = (
				844B97D51F7A8EC0005DA644 /* AppDelegate.swift */,
				844B97F31F7B06F3005DA644 /* Constants.swift */,
				844B97F71F7C241F005DA644 /* Utils.swift */,
			);
			name = Core;
			sourceTree = "<group>";
		};
		844B97F61F7C2287005DA644 /* Resources */ = {
			isa = PBXGroup;
			children = (
				844B97DE1F7A8EC0005DA644 /* LaunchScreen.storyboard */,
				844B97D91F7A8EC0005DA644 /* Main.storyboard */,
				844B97DC1F7A8EC0005DA644 /* Assets.xcassets */,
				844B97E11F7A8EC0005DA644 /* Info.plist */,
			);
			name = Resources;
			sourceTree = "<group>";
		};
		844B97FB1F7C4990005DA644 /* Views */ = {
			isa = PBXGroup;
			children = (
				844B97FC1F7C49B8005DA644 /* CustomCollectionViewCell.swift */,
				844B97FE1F7C5409005DA644 /* CustomCollectionViewLayout.swift */,
				8356BB2F1F861587007A3315 /* CustomLayoutAttributes.swift */,
			);
			name = Views;
			sourceTree = "<group>";
		};
		8B411B57FE74792C153D0AE8 /* Frameworks */ = {
			isa = PBXGroup;
			children = (
				953141CE848BFC1D6B0F6CB9 /* Pods_Gifer.framework */,
			);
			name = Frameworks;
			sourceTree = "<group>";
		};
/* End PBXGroup section */

/* Begin PBXNativeTarget section */
		844B97D11F7A8EC0005DA644 /* Gifer */ = {
			isa = PBXNativeTarget;
			buildConfigurationList = 844B97E41F7A8EC0005DA644 /* Build configuration list for PBXNativeTarget "Gifer" */;
			buildPhases = (
				FF4187A06A1F2A555DB69FD4 /* [CP] Check Pods Manifest.lock */,
				844B97CE1F7A8EC0005DA644 /* Sources */,
				844B97CF1F7A8EC0005DA644 /* Frameworks */,
				844B97D01F7A8EC0005DA644 /* Resources */,
				F6D0BE023F7A978DA15BAC4F /* [CP] Embed Pods Frameworks */,
				4DD8E10CCCE3C34EAAC74B6F /* [CP] Copy Pods Resources */,
			);
			buildRules = (
			);
			dependencies = (
			);
			name = Gifer;
			productName = Gifer;
			productReference = 844B97D21F7A8EC0005DA644 /* Gifer.app */;
			productType = "com.apple.product-type.application";
		};
/* End PBXNativeTarget section */

/* Begin PBXProject section */
		844B97CA1F7A8EC0005DA644 /* Project object */ = {
			isa = PBXProject;
			attributes = {
				LastSwiftUpdateCheck = 0820;
				LastUpgradeCheck = 0900;
				ORGANIZATIONNAME = Niar;
				TargetAttributes = {
					844B97D11F7A8EC0005DA644 = {
						CreatedOnToolsVersion = 8.2.1;
						DevelopmentTeam = 7UALYYJUG6;
						ProvisioningStyle = Automatic;
					};
				};
			};
			buildConfigurationList = 844B97CD1F7A8EC0005DA644 /* Build configuration list for PBXProject "Gifer" */;
			compatibilityVersion = "Xcode 3.2";
			developmentRegion = English;
			hasScannedForEncodings = 0;
			knownRegions = (
				en,
				Base,
			);
			mainGroup = 844B97C91F7A8EC0005DA644;
			productRefGroup = 844B97D31F7A8EC0005DA644 /* Products */;
			projectDirPath = "";
			projectRoot = "";
			targets = (
				844B97D11F7A8EC0005DA644 /* Gifer */,
			);
		};
/* End PBXProject section */

/* Begin PBXResourcesBuildPhase section */
		844B97D01F7A8EC0005DA644 /* Resources */ = {
			isa = PBXResourcesBuildPhase;
			buildActionMask = 2147483647;
			files = (
				844B97E01F7A8EC0005DA644 /* LaunchScreen.storyboard in Resources */,
				844B97DD1F7A8EC0005DA644 /* Assets.xcassets in Resources */,
				844B97DB1F7A8EC0005DA644 /* Main.storyboard in Resources */,
			);
			runOnlyForDeploymentPostprocessing = 0;
		};
/* End PBXResourcesBuildPhase section */

/* Begin PBXShellScriptBuildPhase section */
		4DD8E10CCCE3C34EAAC74B6F /* [CP] Copy Pods Resources */ = {
			isa = PBXShellScriptBuildPhase;
			buildActionMask = 2147483647;
			files = (
			);
			inputPaths = (
			);
			name = "[CP] Copy Pods Resources";
			outputPaths = (
			);
			runOnlyForDeploymentPostprocessing = 0;
			shellPath = /bin/sh;
			shellScript = "\"${SRCROOT}/Pods/Target Support Files/Pods-Gifer/Pods-Gifer-resources.sh\"\n";
			showEnvVarsInLog = 0;
		};
		F6D0BE023F7A978DA15BAC4F /* [CP] Embed Pods Frameworks */ = {
			isa = PBXShellScriptBuildPhase;
			buildActionMask = 2147483647;
			files = (
			);
			inputPaths = (
				"${SRCROOT}/Pods/Target Support Files/Pods-Gifer/Pods-Gifer-frameworks.sh",
				"${BUILT_PRODUCTS_DIR}/Alamofire/Alamofire.framework",
				"${BUILT_PRODUCTS_DIR}/AlamofireObjectMapper/AlamofireObjectMapper.framework",
				"${BUILT_PRODUCTS_DIR}/FLAnimatedImage/FLAnimatedImage.framework",
				"${BUILT_PRODUCTS_DIR}/ObjectMapper/ObjectMapper.framework",
				"${BUILT_PRODUCTS_DIR}/SDWebImage/SDWebImage.framework",
				"${BUILT_PRODUCTS_DIR}/SwiftyJSON/SwiftyJSON.framework",
				"${BUILT_PRODUCTS_DIR}/libwebp/libwebp.framework",
			);
			name = "[CP] Embed Pods Frameworks";
			outputPaths = (
				"${TARGET_BUILD_DIR}/${FRAMEWORKS_FOLDER_PATH}/Alamofire.framework",
				"${TARGET_BUILD_DIR}/${FRAMEWORKS_FOLDER_PATH}/AlamofireObjectMapper.framework",
				"${TARGET_BUILD_DIR}/${FRAMEWORKS_FOLDER_PATH}/FLAnimatedImage.framework",
				"${TARGET_BUILD_DIR}/${FRAMEWORKS_FOLDER_PATH}/ObjectMapper.framework",
				"${TARGET_BUILD_DIR}/${FRAMEWORKS_FOLDER_PATH}/SDWebImage.framework",
				"${TARGET_BUILD_DIR}/${FRAMEWORKS_FOLDER_PATH}/SwiftyJSON.framework",
				"${TARGET_BUILD_DIR}/${FRAMEWORKS_FOLDER_PATH}/libwebp.framework",
			);
			runOnlyForDeploymentPostprocessing = 0;
			shellPath = /bin/sh;
			shellScript = "\"${SRCROOT}/Pods/Target Support Files/Pods-Gifer/Pods-Gifer-frameworks.sh\"\n";
			showEnvVarsInLog = 0;
		};
		FF4187A06A1F2A555DB69FD4 /* [CP] Check Pods Manifest.lock */ = {
			isa = PBXShellScriptBuildPhase;
			buildActionMask = 2147483647;
			files = (
			);
			inputPaths = (
				"${PODS_PODFILE_DIR_PATH}/Podfile.lock",
				"${PODS_ROOT}/Manifest.lock",
			);
			name = "[CP] Check Pods Manifest.lock";
			outputPaths = (
				"$(DERIVED_FILE_DIR)/Pods-Gifer-checkManifestLockResult.txt",
			);
			runOnlyForDeploymentPostprocessing = 0;
			shellPath = /bin/sh;
			shellScript = "diff \"${PODS_PODFILE_DIR_PATH}/Podfile.lock\" \"${PODS_ROOT}/Manifest.lock\" > /dev/null\nif [ $? != 0 ] ; then\n    # print error to STDERR\n    echo \"error: The sandbox is not in sync with the Podfile.lock. Run 'pod install' or update your CocoaPods installation.\" >&2\n    exit 1\nfi\n# This output is used by Xcode 'outputs' to avoid re-running this script phase.\necho \"SUCCESS\" > \"${SCRIPT_OUTPUT_FILE_0}\"\n";
			showEnvVarsInLog = 0;
		};
/* End PBXShellScriptBuildPhase section */

/* Begin PBXSourcesBuildPhase section */
		844B97CE1F7A8EC0005DA644 /* Sources */ = {
			isa = PBXSourcesBuildPhase;
			buildActionMask = 2147483647;
			files = (
				8356BB301F861587007A3315 /* CustomLayoutAttributes.swift in Sources */,
				844B97FD1F7C49B8005DA644 /* CustomCollectionViewCell.swift in Sources */,
				844B97F81F7C241F005DA644 /* Utils.swift in Sources */,
				844B97F21F7B01D0005DA644 /* AlamofireManager.swift in Sources */,
				844B97D61F7A8EC0005DA644 /* AppDelegate.swift in Sources */,
				837970F61F8D064F003A7948 /* FeedMapper.swift in Sources */,
				844B97F41F7B06F3005DA644 /* Constants.swift in Sources */,
				837970F81F8E54E4003A7948 /* GifModel.swift in Sources */,
				844B98011F7C6063005DA644 /* FeedController.swift in Sources */,
				844B97FF1F7C5409005DA644 /* CustomCollectionViewLayout.swift in Sources */,
			);
			runOnlyForDeploymentPostprocessing = 0;
		};
/* End PBXSourcesBuildPhase section */

/* Begin PBXVariantGroup section */
		844B97D91F7A8EC0005DA644 /* Main.storyboard */ = {
			isa = PBXVariantGroup;
			children = (
				844B97DA1F7A8EC0005DA644 /* Base */,
			);
			name = Main.storyboard;
			sourceTree = "<group>";
		};
		844B97DE1F7A8EC0005DA644 /* LaunchScreen.storyboard */ = {
			isa = PBXVariantGroup;
			children = (
				844B97DF1F7A8EC0005DA644 /* Base */,
			);
			name = LaunchScreen.storyboard;
			sourceTree = "<group>";
		};
/* End PBXVariantGroup section */

/* Begin XCBuildConfiguration section */
		844B97E21F7A8EC0005DA644 /* Debug */ = {
			isa = XCBuildConfiguration;
			buildSettings = {
				ALWAYS_SEARCH_USER_PATHS = NO;
				CLANG_ANALYZER_NONNULL = YES;
				CLANG_CXX_LANGUAGE_STANDARD = "gnu++0x";
				CLANG_CXX_LIBRARY = "libc++";
				CLANG_ENABLE_MODULES = YES;
				CLANG_ENABLE_OBJC_ARC = YES;
				CLANG_WARN_BLOCK_CAPTURE_AUTORELEASING = YES;
				CLANG_WARN_BOOL_CONVERSION = YES;
				CLANG_WARN_COMMA = YES;
				CLANG_WARN_CONSTANT_CONVERSION = YES;
				CLANG_WARN_DIRECT_OBJC_ISA_USAGE = YES_ERROR;
				CLANG_WARN_DOCUMENTATION_COMMENTS = YES;
				CLANG_WARN_EMPTY_BODY = YES;
				CLANG_WARN_ENUM_CONVERSION = YES;
				CLANG_WARN_INFINITE_RECURSION = YES;
				CLANG_WARN_INT_CONVERSION = YES;
				CLANG_WARN_NON_LITERAL_NULL_CONVERSION = YES;
				CLANG_WARN_OBJC_LITERAL_CONVERSION = YES;
				CLANG_WARN_OBJC_ROOT_CLASS = YES_ERROR;
				CLANG_WARN_RANGE_LOOP_ANALYSIS = YES;
				CLANG_WARN_STRICT_PROTOTYPES = YES;
				CLANG_WARN_SUSPICIOUS_MOVE = YES;
				CLANG_WARN_UNREACHABLE_CODE = YES;
				CLANG_WARN__DUPLICATE_METHOD_MATCH = YES;
				"CODE_SIGN_IDENTITY[sdk=iphoneos*]" = "iPhone Developer";
				COPY_PHASE_STRIP = NO;
				DEBUG_INFORMATION_FORMAT = dwarf;
				ENABLE_STRICT_OBJC_MSGSEND = YES;
				ENABLE_TESTABILITY = YES;
				GCC_C_LANGUAGE_STANDARD = gnu99;
				GCC_DYNAMIC_NO_PIC = NO;
				GCC_NO_COMMON_BLOCKS = YES;
				GCC_OPTIMIZATION_LEVEL = 0;
				GCC_PREPROCESSOR_DEFINITIONS = (
					"DEBUG=1",
					"$(inherited)",
				);
				GCC_WARN_64_TO_32_BIT_CONVERSION = YES;
				GCC_WARN_ABOUT_RETURN_TYPE = YES_ERROR;
				GCC_WARN_UNDECLARED_SELECTOR = YES;
				GCC_WARN_UNINITIALIZED_AUTOS = YES_AGGRESSIVE;
				GCC_WARN_UNUSED_FUNCTION = YES;
				GCC_WARN_UNUSED_VARIABLE = YES;
				IPHONEOS_DEPLOYMENT_TARGET = 10.0;
				MTL_ENABLE_DEBUG_INFO = YES;
				ONLY_ACTIVE_ARCH = YES;
				SDKROOT = iphoneos;
				SWIFT_ACTIVE_COMPILATION_CONDITIONS = DEBUG;
				SWIFT_OPTIMIZATION_LEVEL = "-Onone";
				TARGETED_DEVICE_FAMILY = "1,2";
			};
			name = Debug;
		};
		844B97E31F7A8EC0005DA644 /* Release */ = {
			isa = XCBuildConfiguration;
			buildSettings = {
				ALWAYS_SEARCH_USER_PATHS = NO;
				CLANG_ANALYZER_NONNULL = YES;
				CLANG_CXX_LANGUAGE_STANDARD = "gnu++0x";
				CLANG_CXX_LIBRARY = "libc++";
				CLANG_ENABLE_MODULES = YES;
				CLANG_ENABLE_OBJC_ARC = YES;
				CLANG_WARN_BLOCK_CAPTURE_AUTORELEASING = YES;
				CLANG_WARN_BOOL_CONVERSION = YES;
				CLANG_WARN_COMMA = YES;
				CLANG_WARN_CONSTANT_CONVERSION = YES;
				CLANG_WARN_DIRECT_OBJC_ISA_USAGE = YES_ERROR;
				CLANG_WARN_DOCUMENTATION_COMMENTS = YES;
				CLANG_WARN_EMPTY_BODY = YES;
				CLANG_WARN_ENUM_CONVERSION = YES;
				CLANG_WARN_INFINITE_RECURSION = YES;
				CLANG_WARN_INT_CONVERSION = YES;
				CLANG_WARN_NON_LITERAL_NULL_CONVERSION = YES;
				CLANG_WARN_OBJC_LITERAL_CONVERSION = YES;
				CLANG_WARN_OBJC_ROOT_CLASS = YES_ERROR;
				CLANG_WARN_RANGE_LOOP_ANALYSIS = YES;
				CLANG_WARN_STRICT_PROTOTYPES = YES;
				CLANG_WARN_SUSPICIOUS_MOVE = YES;
				CLANG_WARN_UNREACHABLE_CODE = YES;
				CLANG_WARN__DUPLICATE_METHOD_MATCH = YES;
				"CODE_SIGN_IDENTITY[sdk=iphoneos*]" = "iPhone Developer";
				COPY_PHASE_STRIP = NO;
				DEBUG_INFORMATION_FORMAT = "dwarf-with-dsym";
				ENABLE_NS_ASSERTIONS = NO;
				ENABLE_STRICT_OBJC_MSGSEND = YES;
				GCC_C_LANGUAGE_STANDARD = gnu99;
				GCC_NO_COMMON_BLOCKS = YES;
				GCC_WARN_64_TO_32_BIT_CONVERSION = YES;
				GCC_WARN_ABOUT_RETURN_TYPE = YES_ERROR;
				GCC_WARN_UNDECLARED_SELECTOR = YES;
				GCC_WARN_UNINITIALIZED_AUTOS = YES_AGGRESSIVE;
				GCC_WARN_UNUSED_FUNCTION = YES;
				GCC_WARN_UNUSED_VARIABLE = YES;
				IPHONEOS_DEPLOYMENT_TARGET = 10.0;
				MTL_ENABLE_DEBUG_INFO = NO;
				SDKROOT = iphoneos;
				SWIFT_OPTIMIZATION_LEVEL = "-Owholemodule";
				TARGETED_DEVICE_FAMILY = "1,2";
				VALIDATE_PRODUCT = YES;
			};
			name = Release;
		};
		844B97E51F7A8EC0005DA644 /* Debug */ = {
			isa = XCBuildConfiguration;
			baseConfigurationReference = AC90FB22BEBC7ECD2073BAC5 /* Pods-Gifer.debug.xcconfig */;
			buildSettings = {
				ASSETCATALOG_COMPILER_APPICON_NAME = AppIcon;
				DEVELOPMENT_TEAM = 7UALYYJUG6;
				INFOPLIST_FILE = Gifer/Info.plist;
				LD_RUNPATH_SEARCH_PATHS = "$(inherited) @executable_path/Frameworks";
				PRODUCT_BUNDLE_IDENTIFIER = niar.Gifer;
				PRODUCT_NAME = "$(TARGET_NAME)";
				SWIFT_VERSION = 4.0;
			};
			name = Debug;
		};
		844B97E61F7A8EC0005DA644 /* Release */ = {
			isa = XCBuildConfiguration;
			baseConfigurationReference = F3D38375BEA1332E02AF3F93 /* Pods-Gifer.release.xcconfig */;
			buildSettings = {
				ASSETCATALOG_COMPILER_APPICON_NAME = AppIcon;
				DEVELOPMENT_TEAM = 7UALYYJUG6;
				INFOPLIST_FILE = Gifer/Info.plist;
				LD_RUNPATH_SEARCH_PATHS = "$(inherited) @executable_path/Frameworks";
				PRODUCT_BUNDLE_IDENTIFIER = niar.Gifer;
				PRODUCT_NAME = "$(TARGET_NAME)";
				SWIFT_VERSION = 4.0;
			};
			name = Release;
		};
/* End XCBuildConfiguration section */

/* Begin XCConfigurationList section */
		844B97CD1F7A8EC0005DA644 /* Build configuration list for PBXProject "Gifer" */ = {
			isa = XCConfigurationList;
			buildConfigurations = (
				844B97E21F7A8EC0005DA644 /* Debug */,
				844B97E31F7A8EC0005DA644 /* Release */,
			);
			defaultConfigurationIsVisible = 0;
			defaultConfigurationName = Release;
		};
		844B97E41F7A8EC0005DA644 /* Build configuration list for PBXNativeTarget "Gifer" */ = {
			isa = XCConfigurationList;
			buildConfigurations = (
				844B97E51F7A8EC0005DA644 /* Debug */,
				844B97E61F7A8EC0005DA644 /* Release */,
			);
			defaultConfigurationIsVisible = 0;
			defaultConfigurationName = Release;
		};
/* End XCConfigurationList section */
	};
	rootObject = 844B97CA1F7A8EC0005DA644 /* Project object */;
}
